// !$*UTF8*$!
{
	archiveVersion = 1;
	classes = {
	};
	objectVersion = 46;
	objects = {

/* Begin PBXBuildFile section */
		166738681729695E00CABF2C /* Cocoa.framework in Frameworks */ = {isa = PBXBuildFile; fileRef = 166738671729695E00CABF2C /* Cocoa.framework */; };
		166738721729695E00CABF2C /* InfoPlist.strings in Resources */ = {isa = PBXBuildFile; fileRef = 166738701729695E00CABF2C /* InfoPlist.strings */; };
		166738741729695E00CABF2C /* main.m in Sources */ = {isa = PBXBuildFile; fileRef = 166738731729695E00CABF2C /* main.m */; };
		166738781729695E00CABF2C /* Credits.rtf in Resources */ = {isa = PBXBuildFile; fileRef = 166738761729695E00CABF2C /* Credits.rtf */; };
		1667387B1729695E00CABF2C /* ASWAppDelegate.m in Sources */ = {isa = PBXBuildFile; fileRef = 1667387A1729695E00CABF2C /* ASWAppDelegate.m */; };
		1667387E1729695E00CABF2C /* MainMenu.xib in Resources */ = {isa = PBXBuildFile; fileRef = 1667387C1729695E00CABF2C /* MainMenu.xib */; };
		166738811729695E00CABF2C /* ReactiveCoreData.xcdatamodeld in Sources */ = {isa = PBXBuildFile; fileRef = 1667387F1729695E00CABF2C /* ReactiveCoreData.xcdatamodeld */; };
		166738891729695E00CABF2C /* SenTestingKit.framework in Frameworks */ = {isa = PBXBuildFile; fileRef = 166738881729695E00CABF2C /* SenTestingKit.framework */; };
		1667388A1729695E00CABF2C /* Cocoa.framework in Frameworks */ = {isa = PBXBuildFile; fileRef = 166738671729695E00CABF2C /* Cocoa.framework */; };
		166738921729695E00CABF2C /* InfoPlist.strings in Resources */ = {isa = PBXBuildFile; fileRef = 166738901729695E00CABF2C /* InfoPlist.strings */; };
		166738BD1729700300CABF2C /* RACManagedObjectFetchSpecs.m in Sources */ = {isa = PBXBuildFile; fileRef = 166738BC1729700300CABF2C /* RACManagedObjectFetchSpecs.m */; };
		1690734817332229007186EE /* CoreData.framework in Frameworks */ = {isa = PBXBuildFile; fileRef = 1667386B1729695E00CABF2C /* CoreData.framework */; };
		1690735117339D3E007186EE /* NSManagedObject+ReactiveCoreData.m in Sources */ = {isa = PBXBuildFile; fileRef = 166738B917296FBE00CABF2C /* NSManagedObject+ReactiveCoreData.m */; };
		1690735217339D3E007186EE /* RACSignal+ReactiveCoreData.m in Sources */ = {isa = PBXBuildFile; fileRef = 16AF98F817297EBF000E9B8B /* RACSignal+ReactiveCoreData.m */; };
		1690735317339D3E007186EE /* NSManagedObjectContext+ReactiveCoreData.m in Sources */ = {isa = PBXBuildFile; fileRef = 16CEF482172981D700921072 /* NSManagedObjectContext+ReactiveCoreData.m */; };
		1690735417339D4B007186EE /* ReactiveCocoa.framework in Frameworks */ = {isa = PBXBuildFile; fileRef = 166738A917296D0200CABF2C /* ReactiveCocoa.framework */; };
		1690735517339D68007186EE /* ReactiveCocoa.framework in CopyFiles */ = {isa = PBXBuildFile; fileRef = 166738A917296D0200CABF2C /* ReactiveCocoa.framework */; };
		16BE18E71729788E00096F6C /* libExpecta.a in Frameworks */ = {isa = PBXBuildFile; fileRef = 16BE18CD1729786400096F6C /* libExpecta.a */; };
		16BE18E81729788E00096F6C /* libSpecta.a in Frameworks */ = {isa = PBXBuildFile; fileRef = 16BE18DE1729787F00096F6C /* libSpecta.a */; };
		16CEF48E172ACD7500921072 /* Parent.m in Sources */ = {isa = PBXBuildFile; fileRef = 16CEF48D172ACD7500921072 /* Parent.m */; };
		16CEF49C172D2A1100921072 /* ReactiveCocoa.framework in Frameworks */ = {isa = PBXBuildFile; fileRef = 166738A917296D0200CABF2C /* ReactiveCocoa.framework */; };
		16CEF49F172D2A2800921072 /* ReactiveCocoa.framework in CopyFiles */ = {isa = PBXBuildFile; fileRef = 166738A917296D0200CABF2C /* ReactiveCocoa.framework */; };
		60354E3759859C41FA937381 /* NSNotificationCenter+RACSupport.m in Sources */ = {isa = PBXBuildFile; fileRef = 60354754CABDB576589FA531 /* NSNotificationCenter+RACSupport.m */; };
/* End PBXBuildFile section */

/* Begin PBXContainerItemProxy section */
		1667388B1729695E00CABF2C /* PBXContainerItemProxy */ = {
			isa = PBXContainerItemProxy;
			containerPortal = 1667385C1729695E00CABF2C /* Project object */;
			proxyType = 1;
			remoteGlobalIDString = 166738631729695E00CABF2C;
			remoteInfo = ReactiveCoreData;
		};
		166738A817296D0200CABF2C /* PBXContainerItemProxy */ = {
			isa = PBXContainerItemProxy;
			containerPortal = 166738A017296D0200CABF2C /* ReactiveCocoa.xcodeproj */;
			proxyType = 2;
			remoteGlobalIDString = 88037F8315056328001A5B19;
			remoteInfo = ReactiveCocoa;
		};
		166738AA17296D0200CABF2C /* PBXContainerItemProxy */ = {
			isa = PBXContainerItemProxy;
			containerPortal = 166738A017296D0200CABF2C /* ReactiveCocoa.xcodeproj */;
			proxyType = 2;
			remoteGlobalIDString = 88F440AB153DAC820097B4C3;
			remoteInfo = "ReactiveCocoa-iOS";
		};
		166738AC17296D0200CABF2C /* PBXContainerItemProxy */ = {
			isa = PBXContainerItemProxy;
			containerPortal = 166738A017296D0200CABF2C /* ReactiveCocoa.xcodeproj */;
			proxyType = 2;
			remoteGlobalIDString = 88CDF7DC15000FCF00163A9F;
			remoteInfo = ReactiveCocoaTests;
		};
		1690735617339D6C007186EE /* PBXContainerItemProxy */ = {
			isa = PBXContainerItemProxy;
			containerPortal = 166738A017296D0200CABF2C /* ReactiveCocoa.xcodeproj */;
			proxyType = 1;
			remoteGlobalIDString = 88037F8215056328001A5B19;
			remoteInfo = ReactiveCocoa;
		};
		16BE18CC1729786400096F6C /* PBXContainerItemProxy */ = {
			isa = PBXContainerItemProxy;
			containerPortal = 16BE18C51729786400096F6C /* Expecta.xcodeproj */;
			proxyType = 2;
			remoteGlobalIDString = E9ACDF0C13B2DD520010F4D7;
			remoteInfo = Expecta;
		};
		16BE18CE1729786400096F6C /* PBXContainerItemProxy */ = {
			isa = PBXContainerItemProxy;
			containerPortal = 16BE18C51729786400096F6C /* Expecta.xcodeproj */;
			proxyType = 2;
			remoteGlobalIDString = E93067CE13B2E6D100EA26FF;
			remoteInfo = "Expecta-iOS";
		};
		16BE18D01729786400096F6C /* PBXContainerItemProxy */ = {
			isa = PBXContainerItemProxy;
			containerPortal = 16BE18C51729786400096F6C /* Expecta.xcodeproj */;
			proxyType = 2;
			remoteGlobalIDString = E9ACDF1D13B2DD520010F4D7;
			remoteInfo = ExpectaTests;
		};
		16BE18D21729786400096F6C /* PBXContainerItemProxy */ = {
			isa = PBXContainerItemProxy;
			containerPortal = 16BE18C51729786400096F6C /* Expecta.xcodeproj */;
			proxyType = 2;
			remoteGlobalIDString = E93067DA13B2E6D100EA26FF;
			remoteInfo = "Expecta-iOSTests";
		};
		16BE18D41729786B00096F6C /* PBXContainerItemProxy */ = {
			isa = PBXContainerItemProxy;
			containerPortal = 16BE18C51729786400096F6C /* Expecta.xcodeproj */;
			proxyType = 1;
			remoteGlobalIDString = E9ACDF0B13B2DD520010F4D7;
			remoteInfo = Expecta;
		};
		16BE18DD1729787F00096F6C /* PBXContainerItemProxy */ = {
			isa = PBXContainerItemProxy;
			containerPortal = 16BE18D61729787F00096F6C /* Specta.xcodeproj */;
			proxyType = 2;
			remoteGlobalIDString = E9D96A2614B6B8AB007D9521;
			remoteInfo = Specta;
		};
		16BE18DF1729787F00096F6C /* PBXContainerItemProxy */ = {
			isa = PBXContainerItemProxy;
			containerPortal = 16BE18D61729787F00096F6C /* Specta.xcodeproj */;
			proxyType = 2;
			remoteGlobalIDString = E9B777A414BA294B00D8DC76;
			remoteInfo = "Specta-iOS";
		};
		16BE18E11729787F00096F6C /* PBXContainerItemProxy */ = {
			isa = PBXContainerItemProxy;
			containerPortal = 16BE18D61729787F00096F6C /* Specta.xcodeproj */;
			proxyType = 2;
			remoteGlobalIDString = E9D96A3A14B6B8AB007D9521;
			remoteInfo = SpectaTests;
		};
		16BE18E31729787F00096F6C /* PBXContainerItemProxy */ = {
			isa = PBXContainerItemProxy;
			containerPortal = 16BE18D61729787F00096F6C /* Specta.xcodeproj */;
			proxyType = 2;
			remoteGlobalIDString = E9B777B314BA294C00D8DC76;
			remoteInfo = "Specta-iOSTests";
		};
		16BE18E51729788400096F6C /* PBXContainerItemProxy */ = {
			isa = PBXContainerItemProxy;
			containerPortal = 16BE18D61729787F00096F6C /* Specta.xcodeproj */;
			proxyType = 1;
			remoteGlobalIDString = E9D96A2514B6B8AB007D9521;
			remoteInfo = Specta;
		};
		16CEF49D172D2A1800921072 /* PBXContainerItemProxy */ = {
			isa = PBXContainerItemProxy;
			containerPortal = 166738A017296D0200CABF2C /* ReactiveCocoa.xcodeproj */;
			proxyType = 1;
			remoteGlobalIDString = 88037F8215056328001A5B19;
			remoteInfo = ReactiveCocoa;
		};
/* End PBXContainerItemProxy section */

/* Begin PBXCopyFilesBuildPhase section */
		166738AF17296D4300CABF2C /* CopyFiles */ = {
			isa = PBXCopyFilesBuildPhase;
			buildActionMask = 2147483647;
			dstPath = "";
			dstSubfolderSpec = 10;
			files = (
				1690735517339D68007186EE /* ReactiveCocoa.framework in CopyFiles */,
			);
			runOnlyForDeploymentPostprocessing = 0;
		};
		16CEF498172D25B300921072 /* CopyFiles */ = {
			isa = PBXCopyFilesBuildPhase;
			buildActionMask = 2147483647;
			dstPath = "";
			dstSubfolderSpec = 10;
			files = (
				16CEF49F172D2A2800921072 /* ReactiveCocoa.framework in CopyFiles */,
			);
			runOnlyForDeploymentPostprocessing = 0;
		};
/* End PBXCopyFilesBuildPhase section */

/* Begin PBXFileReference section */
		1637E1D817328BEA0095B22B /* ReactiveCoreData.h */ = {isa = PBXFileReference; lastKnownFileType = sourcecode.c.h; path = ReactiveCoreData.h; sourceTree = "<group>"; };
		166738641729695E00CABF2C /* ReactiveCoreData.app */ = {isa = PBXFileReference; explicitFileType = wrapper.application; includeInIndex = 0; path = ReactiveCoreData.app; sourceTree = BUILT_PRODUCTS_DIR; };
		166738671729695E00CABF2C /* Cocoa.framework */ = {isa = PBXFileReference; lastKnownFileType = wrapper.framework; name = Cocoa.framework; path = System/Library/Frameworks/Cocoa.framework; sourceTree = SDKROOT; };
		1667386A1729695E00CABF2C /* AppKit.framework */ = {isa = PBXFileReference; lastKnownFileType = wrapper.framework; name = AppKit.framework; path = System/Library/Frameworks/AppKit.framework; sourceTree = SDKROOT; };
		1667386B1729695E00CABF2C /* CoreData.framework */ = {isa = PBXFileReference; lastKnownFileType = wrapper.framework; name = CoreData.framework; path = System/Library/Frameworks/CoreData.framework; sourceTree = SDKROOT; };
		1667386C1729695E00CABF2C /* Foundation.framework */ = {isa = PBXFileReference; lastKnownFileType = wrapper.framework; name = Foundation.framework; path = System/Library/Frameworks/Foundation.framework; sourceTree = SDKROOT; };
		1667386F1729695E00CABF2C /* ReactiveCoreData-Info.plist */ = {isa = PBXFileReference; lastKnownFileType = text.plist.xml; path = "ReactiveCoreData-Info.plist"; sourceTree = "<group>"; };
		166738711729695E00CABF2C /* en */ = {isa = PBXFileReference; lastKnownFileType = text.plist.strings; name = en; path = en.lproj/InfoPlist.strings; sourceTree = "<group>"; };
		166738731729695E00CABF2C /* main.m */ = {isa = PBXFileReference; lastKnownFileType = sourcecode.c.objc; path = main.m; sourceTree = "<group>"; };
		166738751729695E00CABF2C /* ReactiveCoreData-Prefix.pch */ = {isa = PBXFileReference; lastKnownFileType = sourcecode.c.h; path = "ReactiveCoreData-Prefix.pch"; sourceTree = "<group>"; };
		166738771729695E00CABF2C /* en */ = {isa = PBXFileReference; lastKnownFileType = text.rtf; name = en; path = en.lproj/Credits.rtf; sourceTree = "<group>"; };
		166738791729695E00CABF2C /* ASWAppDelegate.h */ = {isa = PBXFileReference; lastKnownFileType = sourcecode.c.h; path = ASWAppDelegate.h; sourceTree = "<group>"; };
		1667387A1729695E00CABF2C /* ASWAppDelegate.m */ = {isa = PBXFileReference; lastKnownFileType = sourcecode.c.objc; path = ASWAppDelegate.m; sourceTree = "<group>"; };
		1667387D1729695E00CABF2C /* en */ = {isa = PBXFileReference; lastKnownFileType = file.xib; name = en; path = en.lproj/MainMenu.xib; sourceTree = "<group>"; };
		166738801729695E00CABF2C /* ReactiveCoreData.xcdatamodel */ = {isa = PBXFileReference; lastKnownFileType = wrapper.xcdatamodel; path = ReactiveCoreData.xcdatamodel; sourceTree = "<group>"; };
		166738871729695E00CABF2C /* ReactiveCoreDataTests.octest */ = {isa = PBXFileReference; explicitFileType = wrapper.cfbundle; includeInIndex = 0; path = ReactiveCoreDataTests.octest; sourceTree = BUILT_PRODUCTS_DIR; };
		166738881729695E00CABF2C /* SenTestingKit.framework */ = {isa = PBXFileReference; lastKnownFileType = wrapper.framework; name = SenTestingKit.framework; path = Library/Frameworks/SenTestingKit.framework; sourceTree = DEVELOPER_DIR; };
		1667388F1729695E00CABF2C /* ReactiveCoreDataTests-Info.plist */ = {isa = PBXFileReference; lastKnownFileType = text.plist.xml; path = "ReactiveCoreDataTests-Info.plist"; sourceTree = "<group>"; };
		166738911729695E00CABF2C /* en */ = {isa = PBXFileReference; lastKnownFileType = text.plist.strings; name = en; path = en.lproj/InfoPlist.strings; sourceTree = "<group>"; };
		166738A017296D0200CABF2C /* ReactiveCocoa.xcodeproj */ = {isa = PBXFileReference; lastKnownFileType = "wrapper.pb-project"; name = ReactiveCocoa.xcodeproj; path = External/ReactiveCocoa/ReactiveCocoaFramework/ReactiveCocoa.xcodeproj; sourceTree = "<group>"; };
		166738B817296FBE00CABF2C /* NSManagedObject+ReactiveCoreData.h */ = {isa = PBXFileReference; fileEncoding = 4; lastKnownFileType = sourcecode.c.h; path = "NSManagedObject+ReactiveCoreData.h"; sourceTree = "<group>"; };
		166738B917296FBE00CABF2C /* NSManagedObject+ReactiveCoreData.m */ = {isa = PBXFileReference; fileEncoding = 4; lastKnownFileType = sourcecode.c.objc; path = "NSManagedObject+ReactiveCoreData.m"; sourceTree = "<group>"; };
		166738BC1729700300CABF2C /* RACManagedObjectFetchSpecs.m */ = {isa = PBXFileReference; fileEncoding = 4; lastKnownFileType = sourcecode.c.objc; path = RACManagedObjectFetchSpecs.m; sourceTree = "<group>"; };
		16AF98F717297EBF000E9B8B /* RACSignal+ReactiveCoreData.h */ = {isa = PBXFileReference; fileEncoding = 4; lastKnownFileType = sourcecode.c.h; path = "RACSignal+ReactiveCoreData.h"; sourceTree = "<group>"; };
		16AF98F817297EBF000E9B8B /* RACSignal+ReactiveCoreData.m */ = {isa = PBXFileReference; fileEncoding = 4; lastKnownFileType = sourcecode.c.objc; path = "RACSignal+ReactiveCoreData.m"; sourceTree = "<group>"; };
		16BE18C51729786400096F6C /* Expecta.xcodeproj */ = {isa = PBXFileReference; lastKnownFileType = "wrapper.pb-project"; name = Expecta.xcodeproj; path = External/ReactiveCocoa/external/expecta/Expecta.xcodeproj; sourceTree = "<group>"; };
		16BE18D61729787F00096F6C /* Specta.xcodeproj */ = {isa = PBXFileReference; lastKnownFileType = "wrapper.pb-project"; name = Specta.xcodeproj; path = External/ReactiveCocoa/external/specta/Specta.xcodeproj; sourceTree = "<group>"; };
		16CEF481172981D700921072 /* NSManagedObjectContext+ReactiveCoreData.h */ = {isa = PBXFileReference; fileEncoding = 4; lastKnownFileType = sourcecode.c.h; path = "NSManagedObjectContext+ReactiveCoreData.h"; sourceTree = "<group>"; };
		16CEF482172981D700921072 /* NSManagedObjectContext+ReactiveCoreData.m */ = {isa = PBXFileReference; fileEncoding = 4; lastKnownFileType = sourcecode.c.objc; path = "NSManagedObjectContext+ReactiveCoreData.m"; sourceTree = "<group>"; };
		16CEF48C172ACD7500921072 /* Parent.h */ = {isa = PBXFileReference; fileEncoding = 4; lastKnownFileType = sourcecode.c.h; path = Parent.h; sourceTree = "<group>"; };
		16CEF48D172ACD7500921072 /* Parent.m */ = {isa = PBXFileReference; fileEncoding = 4; lastKnownFileType = sourcecode.c.objc; path = Parent.m; sourceTree = "<group>"; };
		603546E7B43BA6E96624D63D /* NSNotificationCenter+RACSupport.h */ = {isa = PBXFileReference; fileEncoding = 4; lastKnownFileType = sourcecode.c.h; path = "NSNotificationCenter+RACSupport.h"; sourceTree = "<group>"; };
		60354754CABDB576589FA531 /* NSNotificationCenter+RACSupport.m */ = {isa = PBXFileReference; fileEncoding = 4; lastKnownFileType = sourcecode.c.objc; path = "NSNotificationCenter+RACSupport.m"; sourceTree = "<group>"; };
/* End PBXFileReference section */

/* Begin PBXFrameworksBuildPhase section */
		166738611729695E00CABF2C /* Frameworks */ = {
			isa = PBXFrameworksBuildPhase;
			buildActionMask = 2147483647;
			files = (
				1690735417339D4B007186EE /* ReactiveCocoa.framework in Frameworks */,
				1690734817332229007186EE /* CoreData.framework in Frameworks */,
				166738681729695E00CABF2C /* Cocoa.framework in Frameworks */,
			);
			runOnlyForDeploymentPostprocessing = 0;
		};
		166738831729695E00CABF2C /* Frameworks */ = {
			isa = PBXFrameworksBuildPhase;
			buildActionMask = 2147483647;
			files = (
				16CEF49C172D2A1100921072 /* ReactiveCocoa.framework in Frameworks */,
				16BE18E71729788E00096F6C /* libExpecta.a in Frameworks */,
				16BE18E81729788E00096F6C /* libSpecta.a in Frameworks */,
				166738891729695E00CABF2C /* SenTestingKit.framework in Frameworks */,
				1667388A1729695E00CABF2C /* Cocoa.framework in Frameworks */,
			);
			runOnlyForDeploymentPostprocessing = 0;
		};
/* End PBXFrameworksBuildPhase section */

/* Begin PBXGroup section */
		1667385B1729695E00CABF2C = {
			isa = PBXGroup;
			children = (
				1667389F17296A8E00CABF2C /* External */,
				1667389E17296A8400CABF2C /* ReactiveCoreData */,
				1667386D1729695E00CABF2C /* ReactiveCoreDataApp */,
				1667388D1729695E00CABF2C /* ReactiveCoreDataTests */,
				166738661729695E00CABF2C /* Frameworks */,
				166738651729695E00CABF2C /* Products */,
				166738A017296D0200CABF2C /* ReactiveCocoa.xcodeproj */,
				16BE18C51729786400096F6C /* Expecta.xcodeproj */,
				16BE18D61729787F00096F6C /* Specta.xcodeproj */,
			);
			sourceTree = "<group>";
		};
		166738651729695E00CABF2C /* Products */ = {
			isa = PBXGroup;
			children = (
				166738641729695E00CABF2C /* ReactiveCoreData.app */,
				166738871729695E00CABF2C /* ReactiveCoreDataTests.octest */,
			);
			name = Products;
			sourceTree = "<group>";
		};
		166738661729695E00CABF2C /* Frameworks */ = {
			isa = PBXGroup;
			children = (
				166738671729695E00CABF2C /* Cocoa.framework */,
				166738881729695E00CABF2C /* SenTestingKit.framework */,
				166738691729695E00CABF2C /* Other Frameworks */,
			);
			name = Frameworks;
			sourceTree = "<group>";
		};
		166738691729695E00CABF2C /* Other Frameworks */ = {
			isa = PBXGroup;
			children = (
				1667386A1729695E00CABF2C /* AppKit.framework */,
				1667386B1729695E00CABF2C /* CoreData.framework */,
				1667386C1729695E00CABF2C /* Foundation.framework */,
			);
			name = "Other Frameworks";
			sourceTree = "<group>";
		};
		1667386D1729695E00CABF2C /* ReactiveCoreDataApp */ = {
			isa = PBXGroup;
			children = (
				166738791729695E00CABF2C /* ASWAppDelegate.h */,
				1667387A1729695E00CABF2C /* ASWAppDelegate.m */,
				1667387C1729695E00CABF2C /* MainMenu.xib */,
				1667387F1729695E00CABF2C /* ReactiveCoreData.xcdatamodeld */,
				16CEF48C172ACD7500921072 /* Parent.h */,
				16CEF48D172ACD7500921072 /* Parent.m */,
				1667386E1729695E00CABF2C /* Supporting Files */,
			);
			path = ReactiveCoreDataApp;
			sourceTree = "<group>";
		};
		1667386E1729695E00CABF2C /* Supporting Files */ = {
			isa = PBXGroup;
			children = (
				1667386F1729695E00CABF2C /* ReactiveCoreData-Info.plist */,
				166738701729695E00CABF2C /* InfoPlist.strings */,
				166738731729695E00CABF2C /* main.m */,
				166738751729695E00CABF2C /* ReactiveCoreData-Prefix.pch */,
				166738761729695E00CABF2C /* Credits.rtf */,
			);
			name = "Supporting Files";
			sourceTree = "<group>";
		};
		1667388D1729695E00CABF2C /* ReactiveCoreDataTests */ = {
			isa = PBXGroup;
			children = (
				1667388E1729695E00CABF2C /* Supporting Files */,
				166738BC1729700300CABF2C /* RACManagedObjectFetchSpecs.m */,
			);
			path = ReactiveCoreDataTests;
			sourceTree = "<group>";
		};
		1667388E1729695E00CABF2C /* Supporting Files */ = {
			isa = PBXGroup;
			children = (
				1667388F1729695E00CABF2C /* ReactiveCoreDataTests-Info.plist */,
				166738901729695E00CABF2C /* InfoPlist.strings */,
			);
			name = "Supporting Files";
			sourceTree = "<group>";
		};
		1667389E17296A8400CABF2C /* ReactiveCoreData */ = {
			isa = PBXGroup;
			children = (
				166738B817296FBE00CABF2C /* NSManagedObject+ReactiveCoreData.h */,
				166738B917296FBE00CABF2C /* NSManagedObject+ReactiveCoreData.m */,
				16AF98F717297EBF000E9B8B /* RACSignal+ReactiveCoreData.h */,
				16AF98F817297EBF000E9B8B /* RACSignal+ReactiveCoreData.m */,
				16CEF481172981D700921072 /* NSManagedObjectContext+ReactiveCoreData.h */,
				16CEF482172981D700921072 /* NSManagedObjectContext+ReactiveCoreData.m */,
				1637E1D817328BEA0095B22B /* ReactiveCoreData.h */,
				60354754CABDB576589FA531 /* NSNotificationCenter+RACSupport.m */,
				603546E7B43BA6E96624D63D /* NSNotificationCenter+RACSupport.h */,
			);
			path = ReactiveCoreData;
			sourceTree = "<group>";
		};
		1667389F17296A8E00CABF2C /* External */ = {
			isa = PBXGroup;
			children = (
			);
			name = External;
			sourceTree = "<group>";
		};
		166738A117296D0200CABF2C /* Products */ = {
			isa = PBXGroup;
			children = (
				166738A917296D0200CABF2C /* ReactiveCocoa.framework */,
				166738AB17296D0200CABF2C /* libReactiveCocoa-iOS.a */,
				166738AD17296D0200CABF2C /* ReactiveCocoaTests.octest */,
			);
			name = Products;
			sourceTree = "<group>";
		};
		16BE18C61729786400096F6C /* Products */ = {
			isa = PBXGroup;
			children = (
				16BE18CD1729786400096F6C /* libExpecta.a */,
				16BE18CF1729786400096F6C /* libExpecta-iOS.a */,
				16BE18D11729786400096F6C /* ExpectaTests.octest */,
				16BE18D31729786400096F6C /* Expecta-iOSTests.octest */,
			);
			name = Products;
			sourceTree = "<group>";
		};
		16BE18D71729787F00096F6C /* Products */ = {
			isa = PBXGroup;
			children = (
				16BE18DE1729787F00096F6C /* libSpecta.a */,
				16BE18E01729787F00096F6C /* libSpecta-iOS.a */,
				16BE18E21729787F00096F6C /* SpectaTests.octest */,
				16BE18E41729787F00096F6C /* Specta-iOSTests.octest */,
			);
			name = Products;
			sourceTree = "<group>";
		};
/* End PBXGroup section */

/* Begin PBXNativeTarget section */
		166738631729695E00CABF2C /* ReactiveCoreData */ = {
			isa = PBXNativeTarget;
			buildConfigurationList = 166738981729695E00CABF2C /* Build configuration list for PBXNativeTarget "ReactiveCoreData" */;
			buildPhases = (
				166738601729695E00CABF2C /* Sources */,
				166738611729695E00CABF2C /* Frameworks */,
				166738621729695E00CABF2C /* Resources */,
				166738AF17296D4300CABF2C /* CopyFiles */,
			);
			buildRules = (
			);
			dependencies = (
				1690735717339D6C007186EE /* PBXTargetDependency */,
			);
			name = ReactiveCoreData;
			productName = ReactiveCoreData;
			productReference = 166738641729695E00CABF2C /* ReactiveCoreData.app */;
			productType = "com.apple.product-type.application";
		};
		166738861729695E00CABF2C /* ReactiveCoreDataTests */ = {
			isa = PBXNativeTarget;
			buildConfigurationList = 1667389B1729695E00CABF2C /* Build configuration list for PBXNativeTarget "ReactiveCoreDataTests" */;
			buildPhases = (
				166738821729695E00CABF2C /* Sources */,
				166738831729695E00CABF2C /* Frameworks */,
				166738841729695E00CABF2C /* Resources */,
				16CEF498172D25B300921072 /* CopyFiles */,
				166738851729695E00CABF2C /* ShellScript */,
			);
			buildRules = (
			);
			dependencies = (
				16CEF49E172D2A1800921072 /* PBXTargetDependency */,
				16BE18E61729788400096F6C /* PBXTargetDependency */,
				16BE18D51729786B00096F6C /* PBXTargetDependency */,
				1667388C1729695E00CABF2C /* PBXTargetDependency */,
			);
			name = ReactiveCoreDataTests;
			productName = ReactiveCoreDataTests;
			productReference = 166738871729695E00CABF2C /* ReactiveCoreDataTests.octest */;
			productType = "com.apple.product-type.bundle";
		};
/* End PBXNativeTarget section */

/* Begin PBXProject section */
		1667385C1729695E00CABF2C /* Project object */ = {
			isa = PBXProject;
			attributes = {
				CLASSPREFIX = ASW;
				LastUpgradeCheck = 0460;
				ORGANIZATIONNAME = "Apparent Software";
			};
			buildConfigurationList = 1667385F1729695E00CABF2C /* Build configuration list for PBXProject "ReactiveCoreData" */;
			compatibilityVersion = "Xcode 3.2";
			developmentRegion = English;
			hasScannedForEncodings = 0;
			knownRegions = (
				en,
			);
			mainGroup = 1667385B1729695E00CABF2C;
			productRefGroup = 166738651729695E00CABF2C /* Products */;
			projectDirPath = "";
			projectReferences = (
				{
					ProductGroup = 16BE18C61729786400096F6C /* Products */;
					ProjectRef = 16BE18C51729786400096F6C /* Expecta.xcodeproj */;
				},
				{
					ProductGroup = 166738A117296D0200CABF2C /* Products */;
					ProjectRef = 166738A017296D0200CABF2C /* ReactiveCocoa.xcodeproj */;
				},
				{
					ProductGroup = 16BE18D71729787F00096F6C /* Products */;
					ProjectRef = 16BE18D61729787F00096F6C /* Specta.xcodeproj */;
				},
			);
			projectRoot = "";
			targets = (
				166738631729695E00CABF2C /* ReactiveCoreData */,
				166738861729695E00CABF2C /* ReactiveCoreDataTests */,
			);
		};
/* End PBXProject section */

/* Begin PBXReferenceProxy section */
		166738A917296D0200CABF2C /* ReactiveCocoa.framework */ = {
			isa = PBXReferenceProxy;
			fileType = wrapper.framework;
			path = ReactiveCocoa.framework;
			remoteRef = 166738A817296D0200CABF2C /* PBXContainerItemProxy */;
			sourceTree = BUILT_PRODUCTS_DIR;
		};
		166738AB17296D0200CABF2C /* libReactiveCocoa-iOS.a */ = {
			isa = PBXReferenceProxy;
			fileType = archive.ar;
			path = "libReactiveCocoa-iOS.a";
			remoteRef = 166738AA17296D0200CABF2C /* PBXContainerItemProxy */;
			sourceTree = BUILT_PRODUCTS_DIR;
		};
		166738AD17296D0200CABF2C /* ReactiveCocoaTests.octest */ = {
			isa = PBXReferenceProxy;
			fileType = wrapper.cfbundle;
			path = ReactiveCocoaTests.octest;
			remoteRef = 166738AC17296D0200CABF2C /* PBXContainerItemProxy */;
			sourceTree = BUILT_PRODUCTS_DIR;
		};
		16BE18CD1729786400096F6C /* libExpecta.a */ = {
			isa = PBXReferenceProxy;
			fileType = archive.ar;
			path = libExpecta.a;
			remoteRef = 16BE18CC1729786400096F6C /* PBXContainerItemProxy */;
			sourceTree = BUILT_PRODUCTS_DIR;
		};
		16BE18CF1729786400096F6C /* libExpecta-iOS.a */ = {
			isa = PBXReferenceProxy;
			fileType = archive.ar;
			path = "libExpecta-iOS.a";
			remoteRef = 16BE18CE1729786400096F6C /* PBXContainerItemProxy */;
			sourceTree = BUILT_PRODUCTS_DIR;
		};
		16BE18D11729786400096F6C /* ExpectaTests.octest */ = {
			isa = PBXReferenceProxy;
			fileType = wrapper.cfbundle;
			path = ExpectaTests.octest;
			remoteRef = 16BE18D01729786400096F6C /* PBXContainerItemProxy */;
			sourceTree = BUILT_PRODUCTS_DIR;
		};
		16BE18D31729786400096F6C /* Expecta-iOSTests.octest */ = {
			isa = PBXReferenceProxy;
			fileType = wrapper.cfbundle;
			path = "Expecta-iOSTests.octest";
			remoteRef = 16BE18D21729786400096F6C /* PBXContainerItemProxy */;
			sourceTree = BUILT_PRODUCTS_DIR;
		};
		16BE18DE1729787F00096F6C /* libSpecta.a */ = {
			isa = PBXReferenceProxy;
			fileType = archive.ar;
			path = libSpecta.a;
			remoteRef = 16BE18DD1729787F00096F6C /* PBXContainerItemProxy */;
			sourceTree = BUILT_PRODUCTS_DIR;
		};
		16BE18E01729787F00096F6C /* libSpecta-iOS.a */ = {
			isa = PBXReferenceProxy;
			fileType = archive.ar;
			path = "libSpecta-iOS.a";
			remoteRef = 16BE18DF1729787F00096F6C /* PBXContainerItemProxy */;
			sourceTree = BUILT_PRODUCTS_DIR;
		};
		16BE18E21729787F00096F6C /* SpectaTests.octest */ = {
			isa = PBXReferenceProxy;
			fileType = wrapper.cfbundle;
			path = SpectaTests.octest;
			remoteRef = 16BE18E11729787F00096F6C /* PBXContainerItemProxy */;
			sourceTree = BUILT_PRODUCTS_DIR;
		};
		16BE18E41729787F00096F6C /* Specta-iOSTests.octest */ = {
			isa = PBXReferenceProxy;
			fileType = wrapper.cfbundle;
			path = "Specta-iOSTests.octest";
			remoteRef = 16BE18E31729787F00096F6C /* PBXContainerItemProxy */;
			sourceTree = BUILT_PRODUCTS_DIR;
		};
/* End PBXReferenceProxy section */

/* Begin PBXResourcesBuildPhase section */
		166738621729695E00CABF2C /* Resources */ = {
			isa = PBXResourcesBuildPhase;
			buildActionMask = 2147483647;
			files = (
				166738721729695E00CABF2C /* InfoPlist.strings in Resources */,
				166738781729695E00CABF2C /* Credits.rtf in Resources */,
				1667387E1729695E00CABF2C /* MainMenu.xib in Resources */,
			);
			runOnlyForDeploymentPostprocessing = 0;
		};
		166738841729695E00CABF2C /* Resources */ = {
			isa = PBXResourcesBuildPhase;
			buildActionMask = 2147483647;
			files = (
				166738921729695E00CABF2C /* InfoPlist.strings in Resources */,
			);
			runOnlyForDeploymentPostprocessing = 0;
		};
/* End PBXResourcesBuildPhase section */

/* Begin PBXShellScriptBuildPhase section */
		166738851729695E00CABF2C /* ShellScript */ = {
			isa = PBXShellScriptBuildPhase;
			buildActionMask = 2147483647;
			files = (
			);
			inputPaths = (
			);
			outputPaths = (
			);
			runOnlyForDeploymentPostprocessing = 0;
			shellPath = /bin/sh;
			shellScript = "# Run the unit tests in this test bundle.\n\"${SYSTEM_DEVELOPER_DIR}/Tools/RunUnitTests\"\n";
		};
/* End PBXShellScriptBuildPhase section */

/* Begin PBXSourcesBuildPhase section */
		166738601729695E00CABF2C /* Sources */ = {
			isa = PBXSourcesBuildPhase;
			buildActionMask = 2147483647;
			files = (
				166738741729695E00CABF2C /* main.m in Sources */,
				1667387B1729695E00CABF2C /* ASWAppDelegate.m in Sources */,
				166738811729695E00CABF2C /* ReactiveCoreData.xcdatamodeld in Sources */,
				16CEF48E172ACD7500921072 /* Parent.m in Sources */,
				1690735117339D3E007186EE /* NSManagedObject+ReactiveCoreData.m in Sources */,
				1690735217339D3E007186EE /* RACSignal+ReactiveCoreData.m in Sources */,
				1690735317339D3E007186EE /* NSManagedObjectContext+ReactiveCoreData.m in Sources */,
				60354E3759859C41FA937381 /* NSNotificationCenter+RACSupport.m in Sources */,
			);
			runOnlyForDeploymentPostprocessing = 0;
		};
		166738821729695E00CABF2C /* Sources */ = {
			isa = PBXSourcesBuildPhase;
			buildActionMask = 2147483647;
			files = (
				166738BD1729700300CABF2C /* RACManagedObjectFetchSpecs.m in Sources */,
			);
			runOnlyForDeploymentPostprocessing = 0;
		};
/* End PBXSourcesBuildPhase section */

/* Begin PBXTargetDependency section */
		1667388C1729695E00CABF2C /* PBXTargetDependency */ = {
			isa = PBXTargetDependency;
			target = 166738631729695E00CABF2C /* ReactiveCoreData */;
			targetProxy = 1667388B1729695E00CABF2C /* PBXContainerItemProxy */;
		};
		1690735717339D6C007186EE /* PBXTargetDependency */ = {
			isa = PBXTargetDependency;
			name = ReactiveCocoa;
			targetProxy = 1690735617339D6C007186EE /* PBXContainerItemProxy */;
		};
		16BE18D51729786B00096F6C /* PBXTargetDependency */ = {
			isa = PBXTargetDependency;
			name = Expecta;
			targetProxy = 16BE18D41729786B00096F6C /* PBXContainerItemProxy */;
		};
		16BE18E61729788400096F6C /* PBXTargetDependency */ = {
			isa = PBXTargetDependency;
			name = Specta;
			targetProxy = 16BE18E51729788400096F6C /* PBXContainerItemProxy */;
		};
		16CEF49E172D2A1800921072 /* PBXTargetDependency */ = {
			isa = PBXTargetDependency;
			name = ReactiveCocoa;
			targetProxy = 16CEF49D172D2A1800921072 /* PBXContainerItemProxy */;
		};
/* End PBXTargetDependency section */

/* Begin PBXVariantGroup section */
		166738701729695E00CABF2C /* InfoPlist.strings */ = {
			isa = PBXVariantGroup;
			children = (
				166738711729695E00CABF2C /* en */,
			);
			name = InfoPlist.strings;
			sourceTree = "<group>";
		};
		166738761729695E00CABF2C /* Credits.rtf */ = {
			isa = PBXVariantGroup;
			children = (
				166738771729695E00CABF2C /* en */,
			);
			name = Credits.rtf;
			sourceTree = "<group>";
		};
		1667387C1729695E00CABF2C /* MainMenu.xib */ = {
			isa = PBXVariantGroup;
			children = (
				1667387D1729695E00CABF2C /* en */,
			);
			name = MainMenu.xib;
			sourceTree = "<group>";
		};
		166738901729695E00CABF2C /* InfoPlist.strings */ = {
			isa = PBXVariantGroup;
			children = (
				166738911729695E00CABF2C /* en */,
			);
			name = InfoPlist.strings;
			sourceTree = "<group>";
		};
/* End PBXVariantGroup section */

/* Begin XCBuildConfiguration section */
		166738961729695E00CABF2C /* Debug */ = {
			isa = XCBuildConfiguration;
			buildSettings = {
				ALWAYS_SEARCH_USER_PATHS = NO;
				ARCHS = "$(ARCHS_STANDARD_64_BIT)";
				CLANG_CXX_LANGUAGE_STANDARD = "gnu++0x";
				CLANG_CXX_LIBRARY = "libc++";
				CLANG_ENABLE_OBJC_ARC = YES;
				CLANG_WARN_CONSTANT_CONVERSION = YES;
				CLANG_WARN_EMPTY_BODY = YES;
				CLANG_WARN_ENUM_CONVERSION = YES;
				CLANG_WARN_INT_CONVERSION = YES;
				CLANG_WARN__DUPLICATE_METHOD_MATCH = YES;
				COPY_PHASE_STRIP = NO;
				GCC_C_LANGUAGE_STANDARD = gnu99;
				GCC_DYNAMIC_NO_PIC = NO;
				GCC_ENABLE_OBJC_EXCEPTIONS = YES;
				GCC_OPTIMIZATION_LEVEL = 0;
				GCC_PREPROCESSOR_DEFINITIONS = (
					"DEBUG=1",
					"$(inherited)",
				);
				GCC_SYMBOLS_PRIVATE_EXTERN = NO;
				GCC_WARN_64_TO_32_BIT_CONVERSION = YES;
				GCC_WARN_ABOUT_RETURN_TYPE = YES;
				GCC_WARN_UNINITIALIZED_AUTOS = YES;
				GCC_WARN_UNUSED_VARIABLE = YES;
				HEADER_SEARCH_PATHS = (
					"$(BUILD_ROOT)/../IntermediateBuildFilesPath/UninstalledProducts/include",
					"$(SRCROOT)/External/ReactiveCocoa/external/specta/src",
					"$(SRCROOT)/ReactiveCoreData/",
					"$(SRCROOT)/External/ReactiveCocoa/external/expecta/src/**",
					"$(inherited)",
				);
				MACOSX_DEPLOYMENT_TARGET = 10.7;
				ONLY_ACTIVE_ARCH = YES;
				SDKROOT = macosx;
			};
			name = Debug;
		};
		166738971729695E00CABF2C /* Release */ = {
			isa = XCBuildConfiguration;
			buildSettings = {
				ALWAYS_SEARCH_USER_PATHS = NO;
				ARCHS = "$(ARCHS_STANDARD_64_BIT)";
				CLANG_CXX_LANGUAGE_STANDARD = "gnu++0x";
				CLANG_CXX_LIBRARY = "libc++";
				CLANG_ENABLE_OBJC_ARC = YES;
				CLANG_WARN_CONSTANT_CONVERSION = YES;
				CLANG_WARN_EMPTY_BODY = YES;
				CLANG_WARN_ENUM_CONVERSION = YES;
				CLANG_WARN_INT_CONVERSION = YES;
				CLANG_WARN__DUPLICATE_METHOD_MATCH = YES;
				COPY_PHASE_STRIP = YES;
				DEBUG_INFORMATION_FORMAT = "dwarf-with-dsym";
				GCC_C_LANGUAGE_STANDARD = gnu99;
				GCC_ENABLE_OBJC_EXCEPTIONS = YES;
				GCC_WARN_64_TO_32_BIT_CONVERSION = YES;
				GCC_WARN_ABOUT_RETURN_TYPE = YES;
				GCC_WARN_UNINITIALIZED_AUTOS = YES;
				GCC_WARN_UNUSED_VARIABLE = YES;
				HEADER_SEARCH_PATHS = (
					"$(BUILD_ROOT)/../IntermediateBuildFilesPath/UninstalledProducts/include",
					"$(SRCROOT)/External/ReactiveCocoa/external/specta/src",
					"$(SRCROOT)/ReactiveCoreData/",
					"$(SRCROOT)/External/ReactiveCocoa/external/expecta/src/**",
					"$(inherited)",
				);
				MACOSX_DEPLOYMENT_TARGET = 10.7;
				SDKROOT = macosx;
			};
			name = Release;
		};
		166738991729695E00CABF2C /* Debug */ = {
			isa = XCBuildConfiguration;
			buildSettings = {
				COMBINE_HIDPI_IMAGES = YES;
				GCC_PRECOMPILE_PREFIX_HEADER = YES;
				GCC_PREFIX_HEADER = "ReactiveCoreDataApp/ReactiveCoreData-Prefix.pch";
				INFOPLIST_FILE = "ReactiveCoreDataApp/ReactiveCoreData-Info.plist";
				MACOSX_DEPLOYMENT_TARGET = 10.7;
				PRODUCT_NAME = "$(TARGET_NAME)";
				WRAPPER_EXTENSION = app;
			};
			name = Debug;
		};
		1667389A1729695E00CABF2C /* Release */ = {
			isa = XCBuildConfiguration;
			buildSettings = {
				COMBINE_HIDPI_IMAGES = YES;
				GCC_PRECOMPILE_PREFIX_HEADER = YES;
				GCC_PREFIX_HEADER = "ReactiveCoreDataApp/ReactiveCoreData-Prefix.pch";
				INFOPLIST_FILE = "ReactiveCoreDataApp/ReactiveCoreData-Info.plist";
				MACOSX_DEPLOYMENT_TARGET = 10.7;
				PRODUCT_NAME = "$(TARGET_NAME)";
				WRAPPER_EXTENSION = app;
			};
			name = Release;
		};
		1667389C1729695E00CABF2C /* Debug */ = {
			isa = XCBuildConfiguration;
			buildSettings = {
				BUNDLE_LOADER = "$(BUILT_PRODUCTS_DIR)/ReactiveCoreData.app/Contents/MacOS/ReactiveCoreData";
				COMBINE_HIDPI_IMAGES = YES;
				FRAMEWORK_SEARCH_PATHS = "\"$(DEVELOPER_LIBRARY_DIR)/Frameworks\"";
				GCC_PRECOMPILE_PREFIX_HEADER = YES;
				GCC_PREFIX_HEADER = "ReactiveCoreDataApp/ReactiveCoreData-Prefix.pch";
				INFOPLIST_FILE = "ReactiveCoreDataTests/ReactiveCoreDataTests-Info.plist";
				OTHER_LDFLAGS = "-ObjC";
				PRODUCT_NAME = "$(TARGET_NAME)";
				TEST_HOST = "$(BUNDLE_LOADER)";
				WRAPPER_EXTENSION = octest;
			};
			name = Debug;
		};
		1667389D1729695E00CABF2C /* Release */ = {
			isa = XCBuildConfiguration;
			buildSettings = {
				BUNDLE_LOADER = "$(BUILT_PRODUCTS_DIR)/ReactiveCoreData.app/Contents/MacOS/ReactiveCoreData";
				COMBINE_HIDPI_IMAGES = YES;
				FRAMEWORK_SEARCH_PATHS = "\"$(DEVELOPER_LIBRARY_DIR)/Frameworks\"";
				GCC_PRECOMPILE_PREFIX_HEADER = YES;
				GCC_PREFIX_HEADER = "ReactiveCoreDataApp/ReactiveCoreData-Prefix.pch";
				INFOPLIST_FILE = "ReactiveCoreDataTests/ReactiveCoreDataTests-Info.plist";
				OTHER_LDFLAGS = "-ObjC";
				PRODUCT_NAME = "$(TARGET_NAME)";
				TEST_HOST = "$(BUNDLE_LOADER)";
				WRAPPER_EXTENSION = octest;
			};
			name = Release;
		};
/* End XCBuildConfiguration section */

/* Begin XCConfigurationList section */
		1667385F1729695E00CABF2C /* Build configuration list for PBXProject "ReactiveCoreData" */ = {
			isa = XCConfigurationList;
			buildConfigurations = (
				166738961729695E00CABF2C /* Debug */,
				166738971729695E00CABF2C /* Release */,
			);
			defaultConfigurationIsVisible = 0;
			defaultConfigurationName = Release;
		};
		166738981729695E00CABF2C /* Build configuration list for PBXNativeTarget "ReactiveCoreData" */ = {
			isa = XCConfigurationList;
			buildConfigurations = (
				166738991729695E00CABF2C /* Debug */,
				1667389A1729695E00CABF2C /* Release */,
			);
			defaultConfigurationIsVisible = 0;
			defaultConfigurationName = Release;
		};
		1667389B1729695E00CABF2C /* Build configuration list for PBXNativeTarget "ReactiveCoreDataTests" */ = {
			isa = XCConfigurationList;
			buildConfigurations = (
				1667389C1729695E00CABF2C /* Debug */,
				1667389D1729695E00CABF2C /* Release */,
			);
			defaultConfigurationIsVisible = 0;
			defaultConfigurationName = Release;
		};
/* End XCConfigurationList section */

/* Begin XCVersionGroup section */
		1667387F1729695E00CABF2C /* ReactiveCoreData.xcdatamodeld */ = {
			isa = XCVersionGroup;
			children = (
				166738801729695E00CABF2C /* ReactiveCoreData.xcdatamodel */,
			);
			currentVersion = 166738801729695E00CABF2C /* ReactiveCoreData.xcdatamodel */;
			path = ReactiveCoreData.xcdatamodeld;
			sourceTree = "<group>";
			versionGroupType = wrapper.xcdatamodel;
		};
/* End XCVersionGroup section */
	};
	rootObject = 1667385C1729695E00CABF2C /* Project object */;
}
